// !$*UTF8*$!
{
	archiveVersion = 1;
	classes = {
	};
	objectVersion = 46;
	objects = {

/* Begin PBXBuildFile section */
		C90A9F551506368B00B74242 /* AirNativeiOS-GKImpl.h in Headers */ = {isa = PBXBuildFile; fileRef = C90A9F531506368B00B74242 /* AirNativeiOS-GKImpl.h */; };
		C90A9F561506368B00B74242 /* AirNativeiOS-GKImpl.m in Sources */ = {isa = PBXBuildFile; fileRef = C90A9F541506368B00B74242 /* AirNativeiOS-GKImpl.m */; };
		C90A9F591506626400B74242 /* AirNativeiOS-AirStatusEventCodes.h in Headers */ = {isa = PBXBuildFile; fileRef = C90A9F581506626400B74242 /* AirNativeiOS-AirStatusEventCodes.h */; };
		C9521E36150A4543006C84E2 /* UIKit.framework in Frameworks */ = {isa = PBXBuildFile; fileRef = C9521E35150A4543006C84E2 /* UIKit.framework */; };
		C9521E37150A4543006C84E2 /* Foundation.framework in Frameworks */ = {isa = PBXBuildFile; fileRef = C99E61C115050204005ABF52 /* Foundation.framework */; };
		C9521E39150A4543006C84E2 /* CoreGraphics.framework in Frameworks */ = {isa = PBXBuildFile; fileRef = C9521E38150A4543006C84E2 /* CoreGraphics.framework */; };
		C9521E3F150A4543006C84E2 /* InfoPlist.strings in Resources */ = {isa = PBXBuildFile; fileRef = C9521E3D150A4543006C84E2 /* InfoPlist.strings */; };
		C9521E41150A4543006C84E2 /* main.m in Sources */ = {isa = PBXBuildFile; fileRef = C9521E40150A4543006C84E2 /* main.m */; };
		C9521E45150A4543006C84E2 /* AppDelegate.m in Sources */ = {isa = PBXBuildFile; fileRef = C9521E44150A4543006C84E2 /* AppDelegate.m */; };
		C99E61C215050204005ABF52 /* Foundation.framework in Frameworks */ = {isa = PBXBuildFile; fileRef = C99E61C115050204005ABF52 /* Foundation.framework */; };
		C99E61C815050204005ABF52 /* AirNativeiOS-GameKitP2P.m in Sources */ = {isa = PBXBuildFile; fileRef = C99E61C715050204005ABF52 /* AirNativeiOS-GameKitP2P.m */; };
		C99E61D115053A22005ABF52 /* GameKit.framework in Frameworks */ = {isa = PBXBuildFile; fileRef = C99E61D015053A22005ABF52 /* GameKit.framework */; };
		C9B4B78615092DF400C7C9AC /* FlashRuntimeExtensions.h in Frameworks */ = {isa = PBXBuildFile; fileRef = C9B4B78515092DF400C7C9AC /* FlashRuntimeExtensions.h */; };
/* End PBXBuildFile section */

/* Begin PBXFileReference section */
		C90A9F531506368B00B74242 /* AirNativeiOS-GKImpl.h */ = {isa = PBXFileReference; fileEncoding = 4; lastKnownFileType = sourcecode.c.h; path = "AirNativeiOS-GKImpl.h"; sourceTree = "<group>"; };
		C90A9F541506368B00B74242 /* AirNativeiOS-GKImpl.m */ = {isa = PBXFileReference; fileEncoding = 4; lastKnownFileType = sourcecode.c.objc; path = "AirNativeiOS-GKImpl.m"; sourceTree = "<group>"; };
		C90A9F581506626400B74242 /* AirNativeiOS-AirStatusEventCodes.h */ = {isa = PBXFileReference; fileEncoding = 4; lastKnownFileType = sourcecode.c.h; path = "AirNativeiOS-AirStatusEventCodes.h"; sourceTree = "<group>"; };
		C9521E33150A4543006C84E2 /* AirNativeiOS-GameKitP2PExample.app */ = {isa = PBXFileReference; explicitFileType = wrapper.application; includeInIndex = 0; path = "AirNativeiOS-GameKitP2PExample.app"; sourceTree = BUILT_PRODUCTS_DIR; };
		C9521E35150A4543006C84E2 /* UIKit.framework */ = {isa = PBXFileReference; lastKnownFileType = wrapper.framework; name = UIKit.framework; path = System/Library/Frameworks/UIKit.framework; sourceTree = SDKROOT; };
		C9521E38150A4543006C84E2 /* CoreGraphics.framework */ = {isa = PBXFileReference; lastKnownFileType = wrapper.framework; name = CoreGraphics.framework; path = System/Library/Frameworks/CoreGraphics.framework; sourceTree = SDKROOT; };
		C9521E3C150A4543006C84E2 /* AirNativeiOS-GameKitP2PExample-Info.plist */ = {isa = PBXFileReference; lastKnownFileType = text.plist.xml; path = "AirNativeiOS-GameKitP2PExample-Info.plist"; sourceTree = "<group>"; };
		C9521E3E150A4543006C84E2 /* en */ = {isa = PBXFileReference; lastKnownFileType = text.plist.strings; name = en; path = en.lproj/InfoPlist.strings; sourceTree = "<group>"; };
		C9521E40150A4543006C84E2 /* main.m */ = {isa = PBXFileReference; lastKnownFileType = sourcecode.c.objc; path = main.m; sourceTree = "<group>"; };
		C9521E42150A4543006C84E2 /* AirNativeiOS-GameKitP2PExample-Prefix.pch */ = {isa = PBXFileReference; lastKnownFileType = sourcecode.c.h; path = "AirNativeiOS-GameKitP2PExample-Prefix.pch"; sourceTree = "<group>"; };
		C9521E43150A4543006C84E2 /* AppDelegate.h */ = {isa = PBXFileReference; lastKnownFileType = sourcecode.c.h; path = AppDelegate.h; sourceTree = "<group>"; };
		C9521E44150A4543006C84E2 /* AppDelegate.m */ = {isa = PBXFileReference; lastKnownFileType = sourcecode.c.objc; path = AppDelegate.m; sourceTree = "<group>"; };
		C99E61BE15050204005ABF52 /* libAirNativeiOS-GameKitP2P.a */ = {isa = PBXFileReference; explicitFileType = archive.ar; includeInIndex = 0; path = "libAirNativeiOS-GameKitP2P.a"; sourceTree = BUILT_PRODUCTS_DIR; };
		C99E61C115050204005ABF52 /* Foundation.framework */ = {isa = PBXFileReference; lastKnownFileType = wrapper.framework; name = Foundation.framework; path = System/Library/Frameworks/Foundation.framework; sourceTree = SDKROOT; };
		C99E61C515050204005ABF52 /* AirNativeiOS-GameKitP2P-Prefix.pch */ = {isa = PBXFileReference; lastKnownFileType = sourcecode.c.h; path = "AirNativeiOS-GameKitP2P-Prefix.pch"; sourceTree = "<group>"; };
		C99E61C715050204005ABF52 /* AirNativeiOS-GameKitP2P.m */ = {isa = PBXFileReference; lastKnownFileType = sourcecode.c.objc; path = "AirNativeiOS-GameKitP2P.m"; sourceTree = "<group>"; };
		C99E61CE1505023E005ABF52 /* FlashRuntimeExtensions.h */ = {isa = PBXFileReference; lastKnownFileType = sourcecode.c.h; name = FlashRuntimeExtensions.h; path = "../../../../../../libraries/sdks/air3-2_p6_sdk_mac_022712/include/FlashRuntimeExtensions.h"; sourceTree = "<group>"; };
		C99E61D015053A22005ABF52 /* GameKit.framework */ = {isa = PBXFileReference; lastKnownFileType = wrapper.framework; name = GameKit.framework; path = System/Library/Frameworks/GameKit.framework; sourceTree = SDKROOT; };
		C9B4B78515092DF400C7C9AC /* FlashRuntimeExtensions.h */ = {isa = PBXFileReference; lastKnownFileType = sourcecode.c.h; name = FlashRuntimeExtensions.h; path = ../../../../../libraries/sdks/air3_2_022712_flex_sdk_4.6.0.23201/include/FlashRuntimeExtensions.h; sourceTree = "<group>"; };
/* End PBXFileReference section */

/* Begin PBXFrameworksBuildPhase section */
		C9521E30150A4543006C84E2 /* Frameworks */ = {
			isa = PBXFrameworksBuildPhase;
			buildActionMask = 2147483647;
			files = (
				C9521E36150A4543006C84E2 /* UIKit.framework in Frameworks */,
				C9521E37150A4543006C84E2 /* Foundation.framework in Frameworks */,
				C9521E39150A4543006C84E2 /* CoreGraphics.framework in Frameworks */,
			);
			runOnlyForDeploymentPostprocessing = 0;
		};
		C99E61BB15050204005ABF52 /* Frameworks */ = {
			isa = PBXFrameworksBuildPhase;
			buildActionMask = 2147483647;
			files = (
				C9B4B78615092DF400C7C9AC /* FlashRuntimeExtensions.h in Frameworks */,
				C99E61D115053A22005ABF52 /* GameKit.framework in Frameworks */,
				C99E61C215050204005ABF52 /* Foundation.framework in Frameworks */,
			);
			runOnlyForDeploymentPostprocessing = 0;
		};
/* End PBXFrameworksBuildPhase section */

/* Begin PBXGroup section */
		C9521E3A150A4543006C84E2 /* AirNativeiOS-GameKitP2PExample */ = {
			isa = PBXGroup;
			children = (
				C9521E43150A4543006C84E2 /* AppDelegate.h */,
				C9521E44150A4543006C84E2 /* AppDelegate.m */,
				C9521E3B150A4543006C84E2 /* Supporting Files */,
			);
			path = "AirNativeiOS-GameKitP2PExample";
			sourceTree = "<group>";
		};
		C9521E3B150A4543006C84E2 /* Supporting Files */ = {
			isa = PBXGroup;
			children = (
				C9521E3C150A4543006C84E2 /* AirNativeiOS-GameKitP2PExample-Info.plist */,
				C9521E3D150A4543006C84E2 /* InfoPlist.strings */,
				C9521E40150A4543006C84E2 /* main.m */,
				C9521E42150A4543006C84E2 /* AirNativeiOS-GameKitP2PExample-Prefix.pch */,
			);
			name = "Supporting Files";
			sourceTree = "<group>";
		};
		C99E61B315050204005ABF52 = {
			isa = PBXGroup;
			children = (
				C9B4B78515092DF400C7C9AC /* FlashRuntimeExtensions.h */,
				C99E61D015053A22005ABF52 /* GameKit.framework */,
				C99E61C315050204005ABF52 /* AirNativeiOS-GameKitP2P */,
				C9521E3A150A4543006C84E2 /* AirNativeiOS-GameKitP2PExample */,
				C99E61C015050204005ABF52 /* Frameworks */,
				C99E61BF15050204005ABF52 /* Products */,
			);
			sourceTree = "<group>";
		};
		C99E61BF15050204005ABF52 /* Products */ = {
			isa = PBXGroup;
			children = (
				C99E61BE15050204005ABF52 /* libAirNativeiOS-GameKitP2P.a */,
				C9521E33150A4543006C84E2 /* AirNativeiOS-GameKitP2PExample.app */,
			);
			name = Products;
			sourceTree = "<group>";
		};
		C99E61C015050204005ABF52 /* Frameworks */ = {
			isa = PBXGroup;
			children = (
				C99E61C115050204005ABF52 /* Foundation.framework */,
				C9521E35150A4543006C84E2 /* UIKit.framework */,
				C9521E38150A4543006C84E2 /* CoreGraphics.framework */,
			);
			name = Frameworks;
			sourceTree = "<group>";
		};
		C99E61C315050204005ABF52 /* AirNativeiOS-GameKitP2P */ = {
			isa = PBXGroup;
			children = (
				C99E61C715050204005ABF52 /* AirNativeiOS-GameKitP2P.m */,
				C99E61C415050204005ABF52 /* Supporting Files */,
				C90A9F531506368B00B74242 /* AirNativeiOS-GKImpl.h */,
				C90A9F541506368B00B74242 /* AirNativeiOS-GKImpl.m */,
				C90A9F581506626400B74242 /* AirNativeiOS-AirStatusEventCodes.h */,
			);
			path = "AirNativeiOS-GameKitP2P";
			sourceTree = "<group>";
		};
		C99E61C415050204005ABF52 /* Supporting Files */ = {
			isa = PBXGroup;
			children = (
				C99E61CE1505023E005ABF52 /* FlashRuntimeExtensions.h */,
				C99E61C515050204005ABF52 /* AirNativeiOS-GameKitP2P-Prefix.pch */,
			);
			name = "Supporting Files";
			sourceTree = "<group>";
		};
/* End PBXGroup section */

/* Begin PBXHeadersBuildPhase section */
		C99E61BC15050204005ABF52 /* Headers */ = {
			isa = PBXHeadersBuildPhase;
			buildActionMask = 2147483647;
			files = (
				C90A9F551506368B00B74242 /* AirNativeiOS-GKImpl.h in Headers */,
				C90A9F591506626400B74242 /* AirNativeiOS-AirStatusEventCodes.h in Headers */,
			);
			runOnlyForDeploymentPostprocessing = 0;
		};
/* End PBXHeadersBuildPhase section */

/* Begin PBXNativeTarget section */
		C9521E32150A4543006C84E2 /* AirNativeiOS-GameKitP2PExample */ = {
			isa = PBXNativeTarget;
			buildConfigurationList = C9521E48150A4544006C84E2 /* Build configuration list for PBXNativeTarget "AirNativeiOS-GameKitP2PExample" */;
			buildPhases = (
				C9521E2F150A4543006C84E2 /* Sources */,
				C9521E30150A4543006C84E2 /* Frameworks */,
				C9521E31150A4543006C84E2 /* Resources */,
				C9521E4A150A45A1006C84E2 /* ShellScript */,
			);
			buildRules = (
			);
			dependencies = (
			);
			name = "AirNativeiOS-GameKitP2PExample";
			productName = "AirNativeiOS-GameKitP2PExample";
			productReference = C9521E33150A4543006C84E2 /* AirNativeiOS-GameKitP2PExample.app */;
			productType = "com.apple.product-type.application";
		};
		C99E61BD15050204005ABF52 /* AirNativeiOS-GameKitP2P */ = {
			isa = PBXNativeTarget;
			buildConfigurationList = C99E61CB15050204005ABF52 /* Build configuration list for PBXNativeTarget "AirNativeiOS-GameKitP2P" */;
			buildPhases = (
				C99E61BA15050204005ABF52 /* Sources */,
				C99E61BB15050204005ABF52 /* Frameworks */,
				C99E61BC15050204005ABF52 /* Headers */,
			);
			buildRules = (
			);
			dependencies = (
			);
			name = "AirNativeiOS-GameKitP2P";
			productName = "AirNativeiOS-GameKitP2P";
			productReference = C99E61BE15050204005ABF52 /* libAirNativeiOS-GameKitP2P.a */;
			productType = "com.apple.product-type.library.static";
		};
/* End PBXNativeTarget section */

/* Begin PBXProject section */
		C99E61B515050204005ABF52 /* Project object */ = {
			isa = PBXProject;
			attributes = {
				LastUpgradeCheck = 0430;
			};
			buildConfigurationList = C99E61B815050204005ABF52 /* Build configuration list for PBXProject "AirNativeiOS-GameKitP2P" */;
			compatibilityVersion = "Xcode 3.2";
			developmentRegion = English;
			hasScannedForEncodings = 0;
			knownRegions = (
				en,
			);
			mainGroup = C99E61B315050204005ABF52;
			productRefGroup = C99E61BF15050204005ABF52 /* Products */;
			projectDirPath = "";
			projectRoot = "";
			targets = (
				C99E61BD15050204005ABF52 /* AirNativeiOS-GameKitP2P */,
				C9521E32150A4543006C84E2 /* AirNativeiOS-GameKitP2PExample */,
			);
		};
/* End PBXProject section */

/* Begin PBXResourcesBuildPhase section */
		C9521E31150A4543006C84E2 /* Resources */ = {
			isa = PBXResourcesBuildPhase;
			buildActionMask = 2147483647;
			files = (
				C9521E3F150A4543006C84E2 /* InfoPlist.strings in Resources */,
			);
			runOnlyForDeploymentPostprocessing = 0;
		};
/* End PBXResourcesBuildPhase section */

/* Begin PBXShellScriptBuildPhase section */
		C9521E4A150A45A1006C84E2 /* ShellScript */ = {
			isa = PBXShellScriptBuildPhase;
			buildActionMask = 2147483647;
			files = (
			);
			inputPaths = (
			);
			outputPaths = (
			);
			runOnlyForDeploymentPostprocessing = 0;
			shellPath = /bin/sh;
			shellScript = "# change to the proper directory\npushd /Users/jamieowen/Workbench/projects/AIR_NativeExtensions/AirNativeiOS-GameKitP2P/examples/GameKitP2PExample/build/ios/\n\n# package the IPA - skip if already built\n# adt -package -target ipa-debug-interpreter -provisioning-profile ~/certs/MyProfile.mobileprovision -storetype pkcs12 -keystore ~/certs/Certificates.p12 -storepass XXX AnotherApp.ipa Main-app.xml Main.swf -extdir ext -platformsdk /Developer/Platforms/iPhoneOS.platform/Developer/SDKs/iPhoneOS5.0.sdk/\n\n# extract the IPA\ncp AirNativeiOS-GameKitP2PExample.ipa AirNativeiOS-GameKitP2PExample.ipa.zip\nunzip -o AirNativeiOS-GameKitP2PExample.ipa.zip\nrm AirNativeiOS-GameKitP2PExample.ipa.zip\n# copy the contents of the IPA to the location xcode wants\ncp -r Payload/AirNativeiOS-GameKitP2PExample.app/ \"${CONFIGURATION_BUILD_DIR}/${CONTENTS_FOLDER_PATH}/\"\ncp -r AirNativeiOS-GameKitP2PExample.app.dSYM \"${CONFIGURATION_BUILD_DIR}/${CONTENTS_FOLDER_PATH}/\"\n# remove the following files and folders to avoid signature errors when installing the app\nrm \"${CONFIGURATION_BUILD_DIR}/${CONTENTS_FOLDER_PATH}/_CodeSignature/CodeResources\"\nrmdir \"${CONFIGURATION_BUILD_DIR}/${CONTENTS_FOLDER_PATH}/_CodeSignature\"\nrm \"${CONFIGURATION_BUILD_DIR}/${CONTENTS_FOLDER_PATH}/CodeResources\"\nrm \"${CONFIGURATION_BUILD_DIR}/${CONTENTS_FOLDER_PATH}/PkgInfo\"\n# restore working directory\npopd";
		};
/* End PBXShellScriptBuildPhase section */

/* Begin PBXSourcesBuildPhase section */
		C9521E2F150A4543006C84E2 /* Sources */ = {
			isa = PBXSourcesBuildPhase;
			buildActionMask = 2147483647;
			files = (
				C9521E41150A4543006C84E2 /* main.m in Sources */,
				C9521E45150A4543006C84E2 /* AppDelegate.m in Sources */,
			);
			runOnlyForDeploymentPostprocessing = 0;
		};
		C99E61BA15050204005ABF52 /* Sources */ = {
			isa = PBXSourcesBuildPhase;
			buildActionMask = 2147483647;
			files = (
				C99E61C815050204005ABF52 /* AirNativeiOS-GameKitP2P.m in Sources */,
				C90A9F561506368B00B74242 /* AirNativeiOS-GKImpl.m in Sources */,
			);
			runOnlyForDeploymentPostprocessing = 0;
		};
/* End PBXSourcesBuildPhase section */

/* Begin PBXVariantGroup section */
		C9521E3D150A4543006C84E2 /* InfoPlist.strings */ = {
			isa = PBXVariantGroup;
			children = (
				C9521E3E150A4543006C84E2 /* en */,
			);
			name = InfoPlist.strings;
			sourceTree = "<group>";
		};
/* End PBXVariantGroup section */

/* Begin XCBuildConfiguration section */
		C9521E46150A4543006C84E2 /* Debug */ = {
			isa = XCBuildConfiguration;
			buildSettings = {
				CLANG_ENABLE_OBJC_ARC = YES;
				"CODE_SIGN_IDENTITY[sdk=iphoneos*]" = "iPhone Developer";
				GCC_PRECOMPILE_PREFIX_HEADER = YES;
				GCC_PREFIX_HEADER = "AirNativeiOS-GameKitP2PExample/AirNativeiOS-GameKitP2PExample-Prefix.pch";
				GCC_VERSION = com.apple.compilers.llvm.clang.1_0;
				GCC_WARN_UNINITIALIZED_AUTOS = YES;
				INFOPLIST_FILE = "AirNativeiOS-GameKitP2PExample/AirNativeiOS-GameKitP2PExample-Info.plist";
				IPHONEOS_DEPLOYMENT_TARGET = 5.1;
				PRODUCT_NAME = "$(TARGET_NAME)";
				TARGETED_DEVICE_FAMILY = "1,2";
				WRAPPER_EXTENSION = app;
			};
			name = Debug;
		};
		C9521E47150A4543006C84E2 /* Release */ = {
			isa = XCBuildConfiguration;
			buildSettings = {
				CLANG_ENABLE_OBJC_ARC = YES;
				"CODE_SIGN_IDENTITY[sdk=iphoneos*]" = "iPhone Developer";
				GCC_PRECOMPILE_PREFIX_HEADER = YES;
				GCC_PREFIX_HEADER = "AirNativeiOS-GameKitP2PExample/AirNativeiOS-GameKitP2PExample-Prefix.pch";
				GCC_VERSION = com.apple.compilers.llvm.clang.1_0;
				GCC_WARN_UNINITIALIZED_AUTOS = YES;
				INFOPLIST_FILE = "AirNativeiOS-GameKitP2PExample/AirNativeiOS-GameKitP2PExample-Info.plist";
				IPHONEOS_DEPLOYMENT_TARGET = 5.1;
				OTHER_CFLAGS = "-DNS_BLOCK_ASSERTIONS=1";
				PRODUCT_NAME = "$(TARGET_NAME)";
				TARGETED_DEVICE_FAMILY = "1,2";
				WRAPPER_EXTENSION = app;
			};
			name = Release;
		};
		C99E61C915050204005ABF52 /* Debug */ = {
			isa = XCBuildConfiguration;
			buildSettings = {
				ALWAYS_SEARCH_USER_PATHS = NO;
				ARCHS = "$(ARCHS_STANDARD_32_BIT)";
				COPY_PHASE_STRIP = NO;
				GCC_C_LANGUAGE_STANDARD = gnu99;
				GCC_DYNAMIC_NO_PIC = NO;
				GCC_OPTIMIZATION_LEVEL = 0;
				GCC_PREPROCESSOR_DEFINITIONS = (
					"DEBUG=1",
					"$(inherited)",
				);
				GCC_SYMBOLS_PRIVATE_EXTERN = NO;
				GCC_VERSION = com.apple.compilers.llvmgcc42;
				GCC_WARN_ABOUT_MISSING_PROTOTYPES = YES;
				GCC_WARN_ABOUT_RETURN_TYPE = YES;
				GCC_WARN_UNUSED_VARIABLE = YES;
				IPHONEOS_DEPLOYMENT_TARGET = 4.3;
				SDKROOT = iphoneos;
				SYMROOT = build;
			};
			name = Debug;
		};
		C99E61CA15050204005ABF52 /* Release */ = {
			isa = XCBuildConfiguration;
			buildSettings = {
				ALWAYS_SEARCH_USER_PATHS = NO;
				ARCHS = "$(ARCHS_STANDARD_32_BIT)";
				COPY_PHASE_STRIP = YES;
				GCC_C_LANGUAGE_STANDARD = gnu99;
				GCC_VERSION = com.apple.compilers.llvmgcc42;
				GCC_WARN_ABOUT_MISSING_PROTOTYPES = YES;
				GCC_WARN_ABOUT_RETURN_TYPE = YES;
				GCC_WARN_UNUSED_VARIABLE = YES;
				IPHONEOS_DEPLOYMENT_TARGET = 4.3;
				SDKROOT = iphoneos;
				SYMROOT = build;
				VALIDATE_PRODUCT = YES;
			};
			name = Release;
		};
		C99E61CC15050204005ABF52 /* Debug */ = {
			isa = XCBuildConfiguration;
			buildSettings = {
				DSTROOT = /tmp/AirNativeiOS_GameKitP2P.dst;
				GCC_PRECOMPILE_PREFIX_HEADER = YES;
				GCC_PREFIX_HEADER = "AirNativeiOS-GameKitP2P/AirNativeiOS-GameKitP2P-Prefix.pch";
				GCC_VERSION = com.apple.compilers.llvm.clang.1_0;
				GCC_WARN_ABOUT_MISSING_PROTOTYPES = NO;
				OTHER_LDFLAGS = "-ObjC";
				PRODUCT_NAME = "$(TARGET_NAME)";
				SKIP_INSTALL = YES;
				SYMROOT = build;
			};
			name = Debug;
		};
		C99E61CD15050204005ABF52 /* Release */ = {
			isa = XCBuildConfiguration;
			buildSettings = {
				DSTROOT = /tmp/AirNativeiOS_GameKitP2P.dst;
				GCC_PRECOMPILE_PREFIX_HEADER = YES;
				GCC_PREFIX_HEADER = "AirNativeiOS-GameKitP2P/AirNativeiOS-GameKitP2P-Prefix.pch";
				GCC_VERSION = com.apple.compilers.llvm.clang.1_0;
				GCC_WARN_ABOUT_MISSING_PROTOTYPES = NO;
				OTHER_LDFLAGS = "-ObjC";
				PRODUCT_NAME = "$(TARGET_NAME)";
				SKIP_INSTALL = YES;
				SYMROOT = build;
			};
			name = Release;
		};
/* End XCBuildConfiguration section */

/* Begin XCConfigurationList section */
		C9521E48150A4544006C84E2 /* Build configuration list for PBXNativeTarget "AirNativeiOS-GameKitP2PExample" */ = {
			isa = XCConfigurationList;
			buildConfigurations = (
				C9521E46150A4543006C84E2 /* Debug */,
				C9521E47150A4543006C84E2 /* Release */,
			);
			defaultConfigurationIsVisible = 0;
		};
		C99E61B815050204005ABF52 /* Build configuration list for PBXProject "AirNativeiOS-GameKitP2P" */ = {
			isa = XCConfigurationList;
			buildConfigurations = (
				C99E61C915050204005ABF52 /* Debug */,
				C99E61CA15050204005ABF52 /* Release */,
			);
			defaultConfigurationIsVisible = 0;
			defaultConfigurationName = Release;
		};
		C99E61CB15050204005ABF52 /* Build configuration list for PBXNativeTarget "AirNativeiOS-GameKitP2P" */ = {
			isa = XCConfigurationList;
			buildConfigurations = (
				C99E61CC15050204005ABF52 /* Debug */,
				C99E61CD15050204005ABF52 /* Release */,
			);
			defaultConfigurationIsVisible = 0;
			defaultConfigurationName = Release;
		};
/* End XCConfigurationList section */
	};
	rootObject = C99E61B515050204005ABF52 /* Project object */;
}
